// !$*UTF8*$!
{
	archiveVersion = 1;
	classes = {
	};
	objectVersion = 50;
	objects = {

/* Begin PBXBuildFile section */
		04A45B7B2553742E0039420A /* AppDelegate.swift in Sources */ = {isa = PBXBuildFile; fileRef = 04A45B7A2553742E0039420A /* AppDelegate.swift */; };
		04A45B7D2553742E0039420A /* SceneDelegate.swift in Sources */ = {isa = PBXBuildFile; fileRef = 04A45B7C2553742E0039420A /* SceneDelegate.swift */; };
		04A45B7F2553742E0039420A /* HomeViewController.swift in Sources */ = {isa = PBXBuildFile; fileRef = 04A45B7E2553742E0039420A /* HomeViewController.swift */; };
		04A45B842553742F0039420A /* Assets.xcassets in Resources */ = {isa = PBXBuildFile; fileRef = 04A45B832553742F0039420A /* Assets.xcassets */; };
		04A45B922553742F0039420A /* mechmarketTests.swift in Sources */ = {isa = PBXBuildFile; fileRef = 04A45B912553742F0039420A /* mechmarketTests.swift */; };
		04A45B9D2553742F0039420A /* mechmarketUITests.swift in Sources */ = {isa = PBXBuildFile; fileRef = 04A45B9C2553742F0039420A /* mechmarketUITests.swift */; };
		04A45BDD25537AF40039420A /* TabBarController.swift in Sources */ = {isa = PBXBuildFile; fileRef = 04A45BDC25537AF40039420A /* TabBarController.swift */; };
		04A45BE525537D530039420A /* AccountViewController.swift in Sources */ = {isa = PBXBuildFile; fileRef = 04A45BE425537D530039420A /* AccountViewController.swift */; };
		04A45BEE2554F34F0039420A /* OAuthSwift.framework in Frameworks */ = {isa = PBXBuildFile; fileRef = 04A45BBE255376930039420A /* OAuthSwift.framework */; };
		04A45BEF2554F34F0039420A /* OAuthSwift.framework in Embed Frameworks */ = {isa = PBXBuildFile; fileRef = 04A45BBE255376930039420A /* OAuthSwift.framework */; settings = {ATTRIBUTES = (CodeSignOnCopy, RemoveHeadersOnCopy, ); }; };
		04D8C0452565EE52003B67DB /* KeychainService.swift in Sources */ = {isa = PBXBuildFile; fileRef = 04D8C0442565EE52003B67DB /* KeychainService.swift */; };
/* End PBXBuildFile section */

/* Begin PBXContainerItemProxy section */
		04A45B8E2553742F0039420A /* PBXContainerItemProxy */ = {
			isa = PBXContainerItemProxy;
			containerPortal = 04A45B6F2553742E0039420A /* Project object */;
			proxyType = 1;
			remoteGlobalIDString = 04A45B762553742E0039420A;
			remoteInfo = mechmarket;
		};
		04A45B992553742F0039420A /* PBXContainerItemProxy */ = {
			isa = PBXContainerItemProxy;
			containerPortal = 04A45B6F2553742E0039420A /* Project object */;
			proxyType = 1;
			remoteGlobalIDString = 04A45B762553742E0039420A;
			remoteInfo = mechmarket;
		};
		04A45BBD255376930039420A /* PBXContainerItemProxy */ = {
			isa = PBXContainerItemProxy;
			containerPortal = 04A45BB3255376930039420A /* OAuthSwift.xcodeproj */;
			proxyType = 2;
			remoteGlobalIDString = F435027A1A6791B200038A29;
			remoteInfo = OAuthSwift;
		};
		04A45BBF255376930039420A /* PBXContainerItemProxy */ = {
			isa = PBXContainerItemProxy;
			containerPortal = 04A45BB3255376930039420A /* OAuthSwift.xcodeproj */;
			proxyType = 2;
			remoteGlobalIDString = C48B28021AFA598D00C7DEF6;
			remoteInfo = OAuthSwiftMacOS;
		};
		04A45BC1255376930039420A /* PBXContainerItemProxy */ = {
			isa = PBXContainerItemProxy;
			containerPortal = 04A45BB3255376930039420A /* OAuthSwift.xcodeproj */;
			proxyType = 2;
			remoteGlobalIDString = C4B6EE1E1BF74CE300443596;
			remoteInfo = OAuthSwiftTVOS;
		};
		04A45BC3255376930039420A /* PBXContainerItemProxy */ = {
			isa = PBXContainerItemProxy;
			containerPortal = 04A45BB3255376930039420A /* OAuthSwift.xcodeproj */;
			proxyType = 2;
			remoteGlobalIDString = C40890C01C11B37000E3146A;
			remoteInfo = OAuthSwiftWatchOS;
		};
		04A45BC5255376930039420A /* PBXContainerItemProxy */ = {
			isa = PBXContainerItemProxy;
			containerPortal = 04A45BB3255376930039420A /* OAuthSwift.xcodeproj */;
			proxyType = 2;
			remoteGlobalIDString = F451E3C5195B8CD80051434C;
			remoteInfo = OAuthSwiftDemo;
		};
		04A45BC7255376930039420A /* PBXContainerItemProxy */ = {
			isa = PBXContainerItemProxy;
			containerPortal = 04A45BB3255376930039420A /* OAuthSwift.xcodeproj */;
			proxyType = 2;
			remoteGlobalIDString = C49FD5241AFB5DF500791E1A;
			remoteInfo = OAuthSwiftMacOSDemo;
		};
		04A45BC9255376930039420A /* PBXContainerItemProxy */ = {
			isa = PBXContainerItemProxy;
			containerPortal = 04A45BB3255376930039420A /* OAuthSwift.xcodeproj */;
			proxyType = 2;
			remoteGlobalIDString = C4D50DF71BFB693F0053B624;
			remoteInfo = OAuthSwiftTests;
		};
		04A45BD7255376BA0039420A /* PBXContainerItemProxy */ = {
			isa = PBXContainerItemProxy;
			containerPortal = 04A45BB3255376930039420A /* OAuthSwift.xcodeproj */;
			proxyType = 1;
			remoteGlobalIDString = F43502791A6791B200038A29;
			remoteInfo = OAuthSwift;
		};
/* End PBXContainerItemProxy section */

/* Begin PBXCopyFilesBuildPhase section */
		04A45BF02554F34F0039420A /* Embed Frameworks */ = {
			isa = PBXCopyFilesBuildPhase;
			buildActionMask = 2147483647;
			dstPath = "";
			dstSubfolderSpec = 10;
			files = (
				04A45BEF2554F34F0039420A /* OAuthSwift.framework in Embed Frameworks */,
			);
			name = "Embed Frameworks";
			runOnlyForDeploymentPostprocessing = 0;
		};
/* End PBXCopyFilesBuildPhase section */

/* Begin PBXFileReference section */
		04A45B772553742E0039420A /* mechmarket.app */ = {isa = PBXFileReference; explicitFileType = wrapper.application; includeInIndex = 0; path = mechmarket.app; sourceTree = BUILT_PRODUCTS_DIR; };
		04A45B7A2553742E0039420A /* AppDelegate.swift */ = {isa = PBXFileReference; lastKnownFileType = sourcecode.swift; path = AppDelegate.swift; sourceTree = "<group>"; };
		04A45B7C2553742E0039420A /* SceneDelegate.swift */ = {isa = PBXFileReference; lastKnownFileType = sourcecode.swift; path = SceneDelegate.swift; sourceTree = "<group>"; };
		04A45B7E2553742E0039420A /* HomeViewController.swift */ = {isa = PBXFileReference; lastKnownFileType = sourcecode.swift; path = HomeViewController.swift; sourceTree = "<group>"; };
		04A45B832553742F0039420A /* Assets.xcassets */ = {isa = PBXFileReference; lastKnownFileType = folder.assetcatalog; path = Assets.xcassets; sourceTree = "<group>"; };
		04A45B882553742F0039420A /* Info.plist */ = {isa = PBXFileReference; lastKnownFileType = text.plist.xml; path = Info.plist; sourceTree = "<group>"; };
		04A45B8D2553742F0039420A /* mechmarketTests.xctest */ = {isa = PBXFileReference; explicitFileType = wrapper.cfbundle; includeInIndex = 0; path = mechmarketTests.xctest; sourceTree = BUILT_PRODUCTS_DIR; };
		04A45B912553742F0039420A /* mechmarketTests.swift */ = {isa = PBXFileReference; lastKnownFileType = sourcecode.swift; path = mechmarketTests.swift; sourceTree = "<group>"; };
		04A45B932553742F0039420A /* Info.plist */ = {isa = PBXFileReference; lastKnownFileType = text.plist.xml; path = Info.plist; sourceTree = "<group>"; };
		04A45B982553742F0039420A /* mechmarketUITests.xctest */ = {isa = PBXFileReference; explicitFileType = wrapper.cfbundle; includeInIndex = 0; path = mechmarketUITests.xctest; sourceTree = BUILT_PRODUCTS_DIR; };
		04A45B9C2553742F0039420A /* mechmarketUITests.swift */ = {isa = PBXFileReference; lastKnownFileType = sourcecode.swift; path = mechmarketUITests.swift; sourceTree = "<group>"; };
		04A45B9E2553742F0039420A /* Info.plist */ = {isa = PBXFileReference; lastKnownFileType = text.plist.xml; path = Info.plist; sourceTree = "<group>"; };
		04A45BB3255376930039420A /* OAuthSwift.xcodeproj */ = {isa = PBXFileReference; lastKnownFileType = "wrapper.pb-project"; name = OAuthSwift.xcodeproj; path = "../../../dependencies/OAuthSwift-master/OAuthSwift.xcodeproj"; sourceTree = "<group>"; };
		04A45BDC25537AF40039420A /* TabBarController.swift */ = {isa = PBXFileReference; lastKnownFileType = sourcecode.swift; path = TabBarController.swift; sourceTree = "<group>"; };
		04A45BE425537D530039420A /* AccountViewController.swift */ = {isa = PBXFileReference; lastKnownFileType = sourcecode.swift; path = AccountViewController.swift; sourceTree = "<group>"; };
		04D8C0442565EE52003B67DB /* KeychainService.swift */ = {isa = PBXFileReference; lastKnownFileType = sourcecode.swift; path = KeychainService.swift; sourceTree = "<group>"; };
/* End PBXFileReference section */

/* Begin PBXFrameworksBuildPhase section */
		04A45B742553742E0039420A /* Frameworks */ = {
			isa = PBXFrameworksBuildPhase;
			buildActionMask = 2147483647;
			files = (
				04A45BEE2554F34F0039420A /* OAuthSwift.framework in Frameworks */,
			);
			runOnlyForDeploymentPostprocessing = 0;
		};
		04A45B8A2553742F0039420A /* Frameworks */ = {
			isa = PBXFrameworksBuildPhase;
			buildActionMask = 2147483647;
			files = (
			);
			runOnlyForDeploymentPostprocessing = 0;
		};
		04A45B952553742F0039420A /* Frameworks */ = {
			isa = PBXFrameworksBuildPhase;
			buildActionMask = 2147483647;
			files = (
			);
			runOnlyForDeploymentPostprocessing = 0;
		};
/* End PBXFrameworksBuildPhase section */

/* Begin PBXGroup section */
		04A45B6E2553742E0039420A = {
			isa = PBXGroup;
			children = (
				04A45BB3255376930039420A /* OAuthSwift.xcodeproj */,
				04A45B792553742E0039420A /* mechmarket */,
				04A45B902553742F0039420A /* mechmarketTests */,
				04A45B9B2553742F0039420A /* mechmarketUITests */,
				04A45B782553742E0039420A /* Products */,
				04A45BE92554F24C0039420A /* Frameworks */,
			);
			sourceTree = "<group>";
		};
		04A45B782553742E0039420A /* Products */ = {
			isa = PBXGroup;
			children = (
				04A45B772553742E0039420A /* mechmarket.app */,
				04A45B8D2553742F0039420A /* mechmarketTests.xctest */,
				04A45B982553742F0039420A /* mechmarketUITests.xctest */,
			);
			name = Products;
			sourceTree = "<group>";
		};
		04A45B792553742E0039420A /* mechmarket */ = {
			isa = PBXGroup;
			children = (
				04A45B7A2553742E0039420A /* AppDelegate.swift */,
				04A45BDC25537AF40039420A /* TabBarController.swift */,
				04A45B7C2553742E0039420A /* SceneDelegate.swift */,
				04A45B7E2553742E0039420A /* HomeViewController.swift */,
				04A45B832553742F0039420A /* Assets.xcassets */,
				04A45B882553742F0039420A /* Info.plist */,
				04A45BE425537D530039420A /* AccountViewController.swift */,
				04D8C0442565EE52003B67DB /* KeychainService.swift */,
			);
			path = mechmarket;
			sourceTree = "<group>";
		};
		04A45B902553742F0039420A /* mechmarketTests */ = {
			isa = PBXGroup;
			children = (
				04A45B912553742F0039420A /* mechmarketTests.swift */,
				04A45B932553742F0039420A /* Info.plist */,
			);
			path = mechmarketTests;
			sourceTree = "<group>";
		};
		04A45B9B2553742F0039420A /* mechmarketUITests */ = {
			isa = PBXGroup;
			children = (
				04A45B9C2553742F0039420A /* mechmarketUITests.swift */,
				04A45B9E2553742F0039420A /* Info.plist */,
			);
			path = mechmarketUITests;
			sourceTree = "<group>";
		};
		04A45BB4255376930039420A /* Products */ = {
			isa = PBXGroup;
			children = (
				04A45BBE255376930039420A /* OAuthSwift.framework */,
				04A45BC0255376930039420A /* OAuthSwift.framework */,
				04A45BC2255376930039420A /* OAuthSwift.framework */,
				04A45BC4255376930039420A /* OAuthSwift.framework */,
				04A45BC6255376930039420A /* OAuthSwiftDemo.app */,
				04A45BC8255376930039420A /* OAuthSwiftMacOSDemo.app */,
				04A45BCA255376930039420A /* OAuthSwiftTests.xctest */,
			);
			name = Products;
			sourceTree = "<group>";
		};
		04A45BE92554F24C0039420A /* Frameworks */ = {
			isa = PBXGroup;
			children = (
			);
			name = Frameworks;
			sourceTree = "<group>";
		};
/* End PBXGroup section */

/* Begin PBXNativeTarget section */
		04A45B762553742E0039420A /* mechmarket */ = {
			isa = PBXNativeTarget;
			buildConfigurationList = 04A45BA12553742F0039420A /* Build configuration list for PBXNativeTarget "mechmarket" */;
			buildPhases = (
				04A45B732553742E0039420A /* Sources */,
				04A45B742553742E0039420A /* Frameworks */,
				04A45B752553742E0039420A /* Resources */,
				04A45BF02554F34F0039420A /* Embed Frameworks */,
			);
			buildRules = (
			);
			dependencies = (
				04A45BD8255376BA0039420A /* PBXTargetDependency */,
			);
			name = mechmarket;
			productName = mechmarket;
			productReference = 04A45B772553742E0039420A /* mechmarket.app */;
			productType = "com.apple.product-type.application";
		};
		04A45B8C2553742F0039420A /* mechmarketTests */ = {
			isa = PBXNativeTarget;
			buildConfigurationList = 04A45BA42553742F0039420A /* Build configuration list for PBXNativeTarget "mechmarketTests" */;
			buildPhases = (
				04A45B892553742F0039420A /* Sources */,
				04A45B8A2553742F0039420A /* Frameworks */,
				04A45B8B2553742F0039420A /* Resources */,
			);
			buildRules = (
			);
			dependencies = (
				04A45B8F2553742F0039420A /* PBXTargetDependency */,
			);
			name = mechmarketTests;
			productName = mechmarketTests;
			productReference = 04A45B8D2553742F0039420A /* mechmarketTests.xctest */;
			productType = "com.apple.product-type.bundle.unit-test";
		};
		04A45B972553742F0039420A /* mechmarketUITests */ = {
			isa = PBXNativeTarget;
			buildConfigurationList = 04A45BA72553742F0039420A /* Build configuration list for PBXNativeTarget "mechmarketUITests" */;
			buildPhases = (
				04A45B942553742F0039420A /* Sources */,
				04A45B952553742F0039420A /* Frameworks */,
				04A45B962553742F0039420A /* Resources */,
			);
			buildRules = (
			);
			dependencies = (
				04A45B9A2553742F0039420A /* PBXTargetDependency */,
			);
			name = mechmarketUITests;
			productName = mechmarketUITests;
			productReference = 04A45B982553742F0039420A /* mechmarketUITests.xctest */;
			productType = "com.apple.product-type.bundle.ui-testing";
		};
/* End PBXNativeTarget section */

/* Begin PBXProject section */
		04A45B6F2553742E0039420A /* Project object */ = {
			isa = PBXProject;
			attributes = {
				LastSwiftUpdateCheck = 1210;
				LastUpgradeCheck = 1210;
				TargetAttributes = {
					04A45B762553742E0039420A = {
						CreatedOnToolsVersion = 12.1;
					};
					04A45B8C2553742F0039420A = {
						CreatedOnToolsVersion = 12.1;
						TestTargetID = 04A45B762553742E0039420A;
					};
					04A45B972553742F0039420A = {
						CreatedOnToolsVersion = 12.1;
						TestTargetID = 04A45B762553742E0039420A;
					};
				};
			};
			buildConfigurationList = 04A45B722553742E0039420A /* Build configuration list for PBXProject "mechmarket" */;
			compatibilityVersion = "Xcode 9.3";
			developmentRegion = en;
			hasScannedForEncodings = 0;
			knownRegions = (
				en,
				Base,
			);
			mainGroup = 04A45B6E2553742E0039420A;
			productRefGroup = 04A45B782553742E0039420A /* Products */;
			projectDirPath = "";
			projectReferences = (
				{
					ProductGroup = 04A45BB4255376930039420A /* Products */;
					ProjectRef = 04A45BB3255376930039420A /* OAuthSwift.xcodeproj */;
				},
			);
			projectRoot = "";
			targets = (
				04A45B762553742E0039420A /* mechmarket */,
				04A45B8C2553742F0039420A /* mechmarketTests */,
				04A45B972553742F0039420A /* mechmarketUITests */,
			);
		};
/* End PBXProject section */

/* Begin PBXReferenceProxy section */
		04A45BBE255376930039420A /* OAuthSwift.framework */ = {
			isa = PBXReferenceProxy;
			fileType = wrapper.framework;
			path = OAuthSwift.framework;
			remoteRef = 04A45BBD255376930039420A /* PBXContainerItemProxy */;
			sourceTree = BUILT_PRODUCTS_DIR;
		};
		04A45BC0255376930039420A /* OAuthSwift.framework */ = {
			isa = PBXReferenceProxy;
			fileType = wrapper.framework;
			path = OAuthSwift.framework;
			remoteRef = 04A45BBF255376930039420A /* PBXContainerItemProxy */;
			sourceTree = BUILT_PRODUCTS_DIR;
		};
		04A45BC2255376930039420A /* OAuthSwift.framework */ = {
			isa = PBXReferenceProxy;
			fileType = wrapper.framework;
			path = OAuthSwift.framework;
			remoteRef = 04A45BC1255376930039420A /* PBXContainerItemProxy */;
			sourceTree = BUILT_PRODUCTS_DIR;
		};
		04A45BC4255376930039420A /* OAuthSwift.framework */ = {
			isa = PBXReferenceProxy;
			fileType = wrapper.framework;
			path = OAuthSwift.framework;
			remoteRef = 04A45BC3255376930039420A /* PBXContainerItemProxy */;
			sourceTree = BUILT_PRODUCTS_DIR;
		};
		04A45BC6255376930039420A /* OAuthSwiftDemo.app */ = {
			isa = PBXReferenceProxy;
			fileType = wrapper.application;
			path = OAuthSwiftDemo.app;
			remoteRef = 04A45BC5255376930039420A /* PBXContainerItemProxy */;
			sourceTree = BUILT_PRODUCTS_DIR;
		};
		04A45BC8255376930039420A /* OAuthSwiftMacOSDemo.app */ = {
			isa = PBXReferenceProxy;
			fileType = wrapper.application;
			path = OAuthSwiftMacOSDemo.app;
			remoteRef = 04A45BC7255376930039420A /* PBXContainerItemProxy */;
			sourceTree = BUILT_PRODUCTS_DIR;
		};
		04A45BCA255376930039420A /* OAuthSwiftTests.xctest */ = {
			isa = PBXReferenceProxy;
			fileType = wrapper.cfbundle;
			path = OAuthSwiftTests.xctest;
			remoteRef = 04A45BC9255376930039420A /* PBXContainerItemProxy */;
			sourceTree = BUILT_PRODUCTS_DIR;
		};
/* End PBXReferenceProxy section */

/* Begin PBXResourcesBuildPhase section */
		04A45B752553742E0039420A /* Resources */ = {
			isa = PBXResourcesBuildPhase;
			buildActionMask = 2147483647;
			files = (
				04A45B842553742F0039420A /* Assets.xcassets in Resources */,
			);
			runOnlyForDeploymentPostprocessing = 0;
		};
		04A45B8B2553742F0039420A /* Resources */ = {
			isa = PBXResourcesBuildPhase;
			buildActionMask = 2147483647;
			files = (
			);
			runOnlyForDeploymentPostprocessing = 0;
		};
		04A45B962553742F0039420A /* Resources */ = {
			isa = PBXResourcesBuildPhase;
			buildActionMask = 2147483647;
			files = (
			);
			runOnlyForDeploymentPostprocessing = 0;
		};
/* End PBXResourcesBuildPhase section */

/* Begin PBXSourcesBuildPhase section */
		04A45B732553742E0039420A /* Sources */ = {
			isa = PBXSourcesBuildPhase;
			buildActionMask = 2147483647;
			files = (
				04A45B7F2553742E0039420A /* HomeViewController.swift in Sources */,
				04A45BE525537D530039420A /* AccountViewController.swift in Sources */,
				04A45BDD25537AF40039420A /* TabBarController.swift in Sources */,
				04A45B7B2553742E0039420A /* AppDelegate.swift in Sources */,
				04A45B7D2553742E0039420A /* SceneDelegate.swift in Sources */,
				04D8C0452565EE52003B67DB /* KeychainService.swift in Sources */,
			);
			runOnlyForDeploymentPostprocessing = 0;
		};
		04A45B892553742F0039420A /* Sources */ = {
			isa = PBXSourcesBuildPhase;
			buildActionMask = 2147483647;
			files = (
				04A45B922553742F0039420A /* mechmarketTests.swift in Sources */,
			);
			runOnlyForDeploymentPostprocessing = 0;
		};
		04A45B942553742F0039420A /* Sources */ = {
			isa = PBXSourcesBuildPhase;
			buildActionMask = 2147483647;
			files = (
				04A45B9D2553742F0039420A /* mechmarketUITests.swift in Sources */,
			);
			runOnlyForDeploymentPostprocessing = 0;
		};
/* End PBXSourcesBuildPhase section */

/* Begin PBXTargetDependency section */
		04A45B8F2553742F0039420A /* PBXTargetDependency */ = {
			isa = PBXTargetDependency;
			target = 04A45B762553742E0039420A /* mechmarket */;
			targetProxy = 04A45B8E2553742F0039420A /* PBXContainerItemProxy */;
		};
		04A45B9A2553742F0039420A /* PBXTargetDependency */ = {
			isa = PBXTargetDependency;
			target = 04A45B762553742E0039420A /* mechmarket */;
			targetProxy = 04A45B992553742F0039420A /* PBXContainerItemProxy */;
		};
		04A45BD8255376BA0039420A /* PBXTargetDependency */ = {
			isa = PBXTargetDependency;
			name = OAuthSwift;
			targetProxy = 04A45BD7255376BA0039420A /* PBXContainerItemProxy */;
		};
/* End PBXTargetDependency section */

/* Begin XCBuildConfiguration section */
		04A45B9F2553742F0039420A /* Debug */ = {
			isa = XCBuildConfiguration;
			buildSettings = {
				ALWAYS_SEARCH_USER_PATHS = NO;
				CLANG_ANALYZER_NONNULL = YES;
				CLANG_ANALYZER_NUMBER_OBJECT_CONVERSION = YES_AGGRESSIVE;
				CLANG_CXX_LANGUAGE_STANDARD = "gnu++14";
				CLANG_CXX_LIBRARY = "libc++";
				CLANG_ENABLE_MODULES = YES;
				CLANG_ENABLE_OBJC_ARC = YES;
				CLANG_ENABLE_OBJC_WEAK = YES;
				CLANG_WARN_BLOCK_CAPTURE_AUTORELEASING = YES;
				CLANG_WARN_BOOL_CONVERSION = YES;
				CLANG_WARN_COMMA = YES;
				CLANG_WARN_CONSTANT_CONVERSION = YES;
				CLANG_WARN_DEPRECATED_OBJC_IMPLEMENTATIONS = YES;
				CLANG_WARN_DIRECT_OBJC_ISA_USAGE = YES_ERROR;
				CLANG_WARN_DOCUMENTATION_COMMENTS = YES;
				CLANG_WARN_EMPTY_BODY = YES;
				CLANG_WARN_ENUM_CONVERSION = YES;
				CLANG_WARN_INFINITE_RECURSION = YES;
				CLANG_WARN_INT_CONVERSION = YES;
				CLANG_WARN_NON_LITERAL_NULL_CONVERSION = YES;
				CLANG_WARN_OBJC_IMPLICIT_RETAIN_SELF = YES;
				CLANG_WARN_OBJC_LITERAL_CONVERSION = YES;
				CLANG_WARN_OBJC_ROOT_CLASS = YES_ERROR;
				CLANG_WARN_QUOTED_INCLUDE_IN_FRAMEWORK_HEADER = YES;
				CLANG_WARN_RANGE_LOOP_ANALYSIS = YES;
				CLANG_WARN_STRICT_PROTOTYPES = YES;
				CLANG_WARN_SUSPICIOUS_MOVE = YES;
				CLANG_WARN_UNGUARDED_AVAILABILITY = YES_AGGRESSIVE;
				CLANG_WARN_UNREACHABLE_CODE = YES;
				CLANG_WARN__DUPLICATE_METHOD_MATCH = YES;
				COPY_PHASE_STRIP = NO;
				DEBUG_INFORMATION_FORMAT = dwarf;
				ENABLE_STRICT_OBJC_MSGSEND = YES;
				ENABLE_TESTABILITY = YES;
				GCC_C_LANGUAGE_STANDARD = gnu11;
				GCC_DYNAMIC_NO_PIC = NO;
				GCC_NO_COMMON_BLOCKS = YES;
				GCC_OPTIMIZATION_LEVEL = 0;
				GCC_PREPROCESSOR_DEFINITIONS = (
					"DEBUG=1",
					"$(inherited)",
				);
				GCC_WARN_64_TO_32_BIT_CONVERSION = YES;
				GCC_WARN_ABOUT_RETURN_TYPE = YES_ERROR;
				GCC_WARN_UNDECLARED_SELECTOR = YES;
				GCC_WARN_UNINITIALIZED_AUTOS = YES_AGGRESSIVE;
				GCC_WARN_UNUSED_FUNCTION = YES;
				GCC_WARN_UNUSED_VARIABLE = YES;
				IPHONEOS_DEPLOYMENT_TARGET = 14.1;
				MTL_ENABLE_DEBUG_INFO = INCLUDE_SOURCE;
				MTL_FAST_MATH = YES;
				ONLY_ACTIVE_ARCH = YES;
				SDKROOT = iphoneos;
				SWIFT_ACTIVE_COMPILATION_CONDITIONS = DEBUG;
				SWIFT_OPTIMIZATION_LEVEL = "-Onone";
			};
			name = Debug;
		};
		04A45BA02553742F0039420A /* Release */ = {
			isa = XCBuildConfiguration;
			buildSettings = {
				ALWAYS_SEARCH_USER_PATHS = NO;
				CLANG_ANALYZER_NONNULL = YES;
				CLANG_ANALYZER_NUMBER_OBJECT_CONVERSION = YES_AGGRESSIVE;
				CLANG_CXX_LANGUAGE_STANDARD = "gnu++14";
				CLANG_CXX_LIBRARY = "libc++";
				CLANG_ENABLE_MODULES = YES;
				CLANG_ENABLE_OBJC_ARC = YES;
				CLANG_ENABLE_OBJC_WEAK = YES;
				CLANG_WARN_BLOCK_CAPTURE_AUTORELEASING = YES;
				CLANG_WARN_BOOL_CONVERSION = YES;
				CLANG_WARN_COMMA = YES;
				CLANG_WARN_CONSTANT_CONVERSION = YES;
				CLANG_WARN_DEPRECATED_OBJC_IMPLEMENTATIONS = YES;
				CLANG_WARN_DIRECT_OBJC_ISA_USAGE = YES_ERROR;
				CLANG_WARN_DOCUMENTATION_COMMENTS = YES;
				CLANG_WARN_EMPTY_BODY = YES;
				CLANG_WARN_ENUM_CONVERSION = YES;
				CLANG_WARN_INFINITE_RECURSION = YES;
				CLANG_WARN_INT_CONVERSION = YES;
				CLANG_WARN_NON_LITERAL_NULL_CONVERSION = YES;
				CLANG_WARN_OBJC_IMPLICIT_RETAIN_SELF = YES;
				CLANG_WARN_OBJC_LITERAL_CONVERSION = YES;
				CLANG_WARN_OBJC_ROOT_CLASS = YES_ERROR;
				CLANG_WARN_QUOTED_INCLUDE_IN_FRAMEWORK_HEADER = YES;
				CLANG_WARN_RANGE_LOOP_ANALYSIS = YES;
				CLANG_WARN_STRICT_PROTOTYPES = YES;
				CLANG_WARN_SUSPICIOUS_MOVE = YES;
				CLANG_WARN_UNGUARDED_AVAILABILITY = YES_AGGRESSIVE;
				CLANG_WARN_UNREACHABLE_CODE = YES;
				CLANG_WARN__DUPLICATE_METHOD_MATCH = YES;
				COPY_PHASE_STRIP = NO;
				DEBUG_INFORMATION_FORMAT = "dwarf-with-dsym";
				ENABLE_NS_ASSERTIONS = NO;
				ENABLE_STRICT_OBJC_MSGSEND = YES;
				GCC_C_LANGUAGE_STANDARD = gnu11;
				GCC_NO_COMMON_BLOCKS = YES;
				GCC_WARN_64_TO_32_BIT_CONVERSION = YES;
				GCC_WARN_ABOUT_RETURN_TYPE = YES_ERROR;
				GCC_WARN_UNDECLARED_SELECTOR = YES;
				GCC_WARN_UNINITIALIZED_AUTOS = YES_AGGRESSIVE;
				GCC_WARN_UNUSED_FUNCTION = YES;
				GCC_WARN_UNUSED_VARIABLE = YES;
				IPHONEOS_DEPLOYMENT_TARGET = 14.1;
				MTL_ENABLE_DEBUG_INFO = NO;
				MTL_FAST_MATH = YES;
				SDKROOT = iphoneos;
				SWIFT_COMPILATION_MODE = wholemodule;
				SWIFT_OPTIMIZATION_LEVEL = "-O";
				VALIDATE_PRODUCT = YES;
			};
			name = Release;
		};
		04A45BA22553742F0039420A /* Debug */ = {
			isa = XCBuildConfiguration;
			buildSettings = {
				ASSETCATALOG_COMPILER_APPICON_NAME = AppIcon;
				ASSETCATALOG_COMPILER_GLOBAL_ACCENT_COLOR_NAME = AccentColor;
				CODE_SIGN_STYLE = Automatic;
				DEVELOPMENT_TEAM = Q827FU4FX4;
				INFOPLIST_FILE = mechmarket/Info.plist;
				LD_RUNPATH_SEARCH_PATHS = (
					"$(inherited)",
					"@executable_path/Frameworks",
				);
				PRODUCT_BUNDLE_IDENTIFIER = com.serenapascual.mechmarket;
				PRODUCT_NAME = "$(TARGET_NAME)";
				SWIFT_VERSION = 5.0;
				TARGETED_DEVICE_FAMILY = "1,2";
			};
			name = Debug;
		};
		04A45BA32553742F0039420A /* Release */ = {
			isa = XCBuildConfiguration;
			buildSettings = {
				ASSETCATALOG_COMPILER_APPICON_NAME = AppIcon;
				ASSETCATALOG_COMPILER_GLOBAL_ACCENT_COLOR_NAME = AccentColor;
				CODE_SIGN_STYLE = Automatic;
				DEVELOPMENT_TEAM = Q827FU4FX4;
				INFOPLIST_FILE = mechmarket/Info.plist;
				LD_RUNPATH_SEARCH_PATHS = (
					"$(inherited)",
					"@executable_path/Frameworks",
				);
				PRODUCT_BUNDLE_IDENTIFIER = com.serenapascual.mechmarket;
				PRODUCT_NAME = "$(TARGET_NAME)";
				SWIFT_VERSION = 5.0;
				TARGETED_DEVICE_FAMILY = "1,2";
			};
			name = Release;
		};
		04A45BA52553742F0039420A /* Debug */ = {
			isa = XCBuildConfiguration;
			buildSettings = {
				ALWAYS_EMBED_SWIFT_STANDARD_LIBRARIES = YES;
				BUNDLE_LOADER = "$(TEST_HOST)";
				CODE_SIGN_STYLE = Automatic;
				DEVELOPMENT_TEAM = Q827FU4FX4;
				INFOPLIST_FILE = mechmarketTests/Info.plist;
				IPHONEOS_DEPLOYMENT_TARGET = 14.1;
				LD_RUNPATH_SEARCH_PATHS = (
					"$(inherited)",
					"@executable_path/Frameworks",
					"@loader_path/Frameworks",
				);
				PRODUCT_BUNDLE_IDENTIFIER = com.serenapascual.mechmarketTests;
				PRODUCT_NAME = "$(TARGET_NAME)";
				SWIFT_VERSION = 5.0;
				TARGETED_DEVICE_FAMILY = "1,2";
				TEST_HOST = "$(BUILT_PRODUCTS_DIR)/mechmarket.app/mechmarket";
			};
			name = Debug;
		};
		04A45BA62553742F0039420A /* Release */ = {
			isa = XCBuildConfiguration;
			buildSettings = {
				ALWAYS_EMBED_SWIFT_STANDARD_LIBRARIES = YES;
				BUNDLE_LOADER = "$(TEST_HOST)";
				CODE_SIGN_STYLE = Automatic;
				DEVELOPMENT_TEAM = Q827FU4FX4;
				INFOPLIST_FILE = mechmarketTests/Info.plist;
				IPHONEOS_DEPLOYMENT_TARGET = 14.1;
				LD_RUNPATH_SEARCH_PATHS = (
					"$(inherited)",
					"@executable_path/Frameworks",
					"@loader_path/Frameworks",
				);
				PRODUCT_BUNDLE_IDENTIFIER = com.serenapascual.mechmarketTests;
				PRODUCT_NAME = "$(TARGET_NAME)";
				SWIFT_VERSION = 5.0;
				TARGETED_DEVICE_FAMILY = "1,2";
				TEST_HOST = "$(BUILT_PRODUCTS_DIR)/mechmarket.app/mechmarket";
			};
			name = Release;
		};
		04A45BA82553742F0039420A /* Debug */ = {
			isa = XCBuildConfiguration;
			buildSettings = {
				ALWAYS_EMBED_SWIFT_STANDARD_LIBRARIES = YES;
				CODE_SIGN_STYLE = Automatic;
				DEVELOPMENT_TEAM = Q827FU4FX4;
				INFOPLIST_FILE = mechmarketUITests/Info.plist;
				LD_RUNPATH_SEARCH_PATHS = (
					"$(inherited)",
					"@executable_path/Frameworks",
					"@loader_path/Frameworks",
				);
				PRODUCT_BUNDLE_IDENTIFIER = com.serenapascual.mechmarketUITests;
				PRODUCT_NAME = "$(TARGET_NAME)";
				SWIFT_VERSION = 5.0;
				TARGETED_DEVICE_FAMILY = "1,2";
				TEST_TARGET_NAME = mechmarket;
			};
			name = Debug;
		};
		04A45BA92553742F0039420A /* Release */ = {
			isa = XCBuildConfiguration;
			buildSettings = {
				ALWAYS_EMBED_SWIFT_STANDARD_LIBRARIES = YES;
				CODE_SIGN_STYLE = Automatic;
				DEVELOPMENT_TEAM = Q827FU4FX4;
				INFOPLIST_FILE = mechmarketUITests/Info.plist;
				LD_RUNPATH_SEARCH_PATHS = (
					"$(inherited)",
					"@executable_path/Frameworks",
					"@loader_path/Frameworks",
				);
				PRODUCT_BUNDLE_IDENTIFIER = com.serenapascual.mechmarketUITests;
				PRODUCT_NAME = "$(TARGET_NAME)";
				SWIFT_VERSION = 5.0;
				TARGETED_DEVICE_FAMILY = "1,2";
				TEST_TARGET_NAME = mechmarket;
			};
			name = Release;
		};
/* End XCBuildConfiguration section */

/* Begin XCConfigurationList section */
		04A45B722553742E0039420A /* Build configuration list for PBXProject "mechmarket" */ = {
			isa = XCConfigurationList;
			buildConfigurations = (
				04A45B9F2553742F0039420A /* Debug */,
				04A45BA02553742F0039420A /* Release */,
			);
			defaultConfigurationIsVisible = 0;
			defaultConfigurationName = Release;
		};
		04A45BA12553742F0039420A /* Build configuration list for PBXNativeTarget "mechmarket" */ = {
			isa = XCConfigurationList;
			buildConfigurations = (
				04A45BA22553742F0039420A /* Debug */,
				04A45BA32553742F0039420A /* Release */,
			);
			defaultConfigurationIsVisible = 0;
			defaultConfigurationName = Release;
		};
		04A45BA42553742F0039420A /* Build configuration list for PBXNativeTarget "mechmarketTests" */ = {
			isa = XCConfigurationList;
			buildConfigurations = (
				04A45BA52553742F0039420A /* Debug */,
				04A45BA62553742F0039420A /* Release */,
			);
			defaultConfigurationIsVisible = 0;
			defaultConfigurationName = Release;
		};
		04A45BA72553742F0039420A /* Build configuration list for PBXNativeTarget "mechmarketUITests" */ = {
			isa = XCConfigurationList;
			buildConfigurations = (
				04A45BA82553742F0039420A /* Debug */,
				04A45BA92553742F0039420A /* Release */,
			);
			defaultConfigurationIsVisible = 0;
			defaultConfigurationName = Release;
		};
/* End XCConfigurationList section */
	};
	rootObject = 04A45B6F2553742E0039420A /* Project object */;
}
