// !$*UTF8*$!
{
	archiveVersion = 1;
	classes = {
	};
	objectVersion = 48;
	objects = {

/* Begin PBXBuildFile section */
		04DC7A2923E3E1B4004DA3E9 /* AppDelegate.swift in Sources */ = {isa = PBXBuildFile; fileRef = 04DC7A2823E3E1B4004DA3E9 /* AppDelegate.swift */; };
		04DC7A2B23E3E1B4004DA3E9 /* ViewController.swift in Sources */ = {isa = PBXBuildFile; fileRef = 04DC7A2A23E3E1B4004DA3E9 /* ViewController.swift */; };
		04DC7A2E23E3E1B4004DA3E9 /* Main.storyboard in Resources */ = {isa = PBXBuildFile; fileRef = 04DC7A2C23E3E1B4004DA3E9 /* Main.storyboard */; };
		04DC7A3023E3E1B4004DA3E9 /* Assets.xcassets in Resources */ = {isa = PBXBuildFile; fileRef = 04DC7A2F23E3E1B4004DA3E9 /* Assets.xcassets */; };
		04DC7A3323E3E1B4004DA3E9 /* LaunchScreen.storyboard in Resources */ = {isa = PBXBuildFile; fileRef = 04DC7A3123E3E1B4004DA3E9 /* LaunchScreen.storyboard */; };
		04DC7A3C23E3EF20004DA3E9 /* OAuthSwift.framework in Frameworks */ = {isa = PBXBuildFile; fileRef = 04DC7A3B23E3EF20004DA3E9 /* OAuthSwift.framework */; };
		26CBECDE865C6EACDA04136B /* Pods_mechmarket.framework in Frameworks */ = {isa = PBXBuildFile; fileRef = 2BAC4647FB977E8EB7C2887D /* Pods_mechmarket.framework */; };
/* End PBXBuildFile section */

/* Begin PBXFileReference section */
		04DC7A2523E3E1B4004DA3E9 /* mechmarket.app */ = {isa = PBXFileReference; explicitFileType = wrapper.application; includeInIndex = 0; path = mechmarket.app; sourceTree = BUILT_PRODUCTS_DIR; };
		04DC7A2823E3E1B4004DA3E9 /* AppDelegate.swift */ = {isa = PBXFileReference; lastKnownFileType = sourcecode.swift; path = AppDelegate.swift; sourceTree = "<group>"; };
		04DC7A2A23E3E1B4004DA3E9 /* ViewController.swift */ = {isa = PBXFileReference; lastKnownFileType = sourcecode.swift; path = ViewController.swift; sourceTree = "<group>"; };
		04DC7A2D23E3E1B4004DA3E9 /* Base */ = {isa = PBXFileReference; lastKnownFileType = file.storyboard; name = Base; path = Base.lproj/Main.storyboard; sourceTree = "<group>"; };
		04DC7A2F23E3E1B4004DA3E9 /* Assets.xcassets */ = {isa = PBXFileReference; lastKnownFileType = folder.assetcatalog; path = Assets.xcassets; sourceTree = "<group>"; };
		04DC7A3223E3E1B4004DA3E9 /* Base */ = {isa = PBXFileReference; lastKnownFileType = file.storyboard; name = Base; path = Base.lproj/LaunchScreen.storyboard; sourceTree = "<group>"; };
		04DC7A3423E3E1B4004DA3E9 /* Info.plist */ = {isa = PBXFileReference; lastKnownFileType = text.plist.xml; path = Info.plist; sourceTree = "<group>"; };
		04DC7A3B23E3EF20004DA3E9 /* OAuthSwift.framework */ = {isa = PBXFileReference; explicitFileType = wrapper.framework; path = OAuthSwift.framework; sourceTree = BUILT_PRODUCTS_DIR; };
		2BAC4647FB977E8EB7C2887D /* Pods_mechmarket.framework */ = {isa = PBXFileReference; explicitFileType = wrapper.framework; includeInIndex = 0; path = Pods_mechmarket.framework; sourceTree = BUILT_PRODUCTS_DIR; };
		2FCEFCE1A7DF6530A365FD70 /* Pods-mechmarket.debug.xcconfig */ = {isa = PBXFileReference; includeInIndex = 1; lastKnownFileType = text.xcconfig; name = "Pods-mechmarket.debug.xcconfig"; path = "Target Support Files/Pods-mechmarket/Pods-mechmarket.debug.xcconfig"; sourceTree = "<group>"; };
		D0B8133F2C7395C93979108D /* Pods-mechmarket.release.xcconfig */ = {isa = PBXFileReference; includeInIndex = 1; lastKnownFileType = text.xcconfig; name = "Pods-mechmarket.release.xcconfig"; path = "Target Support Files/Pods-mechmarket/Pods-mechmarket.release.xcconfig"; sourceTree = "<group>"; };
/* End PBXFileReference section */

/* Begin PBXFrameworksBuildPhase section */
		04DC7A2223E3E1B4004DA3E9 /* Frameworks */ = {
			isa = PBXFrameworksBuildPhase;
			buildActionMask = 2147483647;
			files = (
				04DC7A3C23E3EF20004DA3E9 /* OAuthSwift.framework in Frameworks */,
				26CBECDE865C6EACDA04136B /* Pods_mechmarket.framework in Frameworks */,
			);
			runOnlyForDeploymentPostprocessing = 0;
		};
/* End PBXFrameworksBuildPhase section */

/* Begin PBXGroup section */
		04DC7A1C23E3E1B4004DA3E9 = {
			isa = PBXGroup;
			children = (
				04DC7A2723E3E1B4004DA3E9 /* mechmarket */,
				04DC7A2623E3E1B4004DA3E9 /* Products */,
				04DC7A3A23E3EF20004DA3E9 /* Frameworks */,
				96B3D5CD0A8E9A522E4E2926 /* Pods */,
			);
			sourceTree = "<group>";
		};
		04DC7A2623E3E1B4004DA3E9 /* Products */ = {
			isa = PBXGroup;
			children = (
				04DC7A2523E3E1B4004DA3E9 /* mechmarket.app */,
			);
			name = Products;
			sourceTree = "<group>";
		};
		04DC7A2723E3E1B4004DA3E9 /* mechmarket */ = {
			isa = PBXGroup;
			children = (
				04DC7A2823E3E1B4004DA3E9 /* AppDelegate.swift */,
				04DC7A2A23E3E1B4004DA3E9 /* ViewController.swift */,
				04DC7A2C23E3E1B4004DA3E9 /* Main.storyboard */,
				04DC7A2F23E3E1B4004DA3E9 /* Assets.xcassets */,
				04DC7A3123E3E1B4004DA3E9 /* LaunchScreen.storyboard */,
				04DC7A3423E3E1B4004DA3E9 /* Info.plist */,
			);
			path = mechmarket;
			sourceTree = "<group>";
		};
		04DC7A3A23E3EF20004DA3E9 /* Frameworks */ = {
			isa = PBXGroup;
			children = (
				04DC7A3B23E3EF20004DA3E9 /* OAuthSwift.framework */,
				2BAC4647FB977E8EB7C2887D /* Pods_mechmarket.framework */,
			);
			name = Frameworks;
			sourceTree = "<group>";
		};
		96B3D5CD0A8E9A522E4E2926 /* Pods */ = {
			isa = PBXGroup;
			children = (
				2FCEFCE1A7DF6530A365FD70 /* Pods-mechmarket.debug.xcconfig */,
				D0B8133F2C7395C93979108D /* Pods-mechmarket.release.xcconfig */,
			);
			name = Pods;
			path = Pods;
			sourceTree = "<group>";
		};
/* End PBXGroup section */

/* Begin PBXNativeTarget section */
		04DC7A2423E3E1B4004DA3E9 /* mechmarket */ = {
			isa = PBXNativeTarget;
			buildConfigurationList = 04DC7A3723E3E1B4004DA3E9 /* Build configuration list for PBXNativeTarget "mechmarket" */;
			buildPhases = (
				84D323403C94D8679FC06A41 /* [CP] Check Pods Manifest.lock */,
				04DC7A2123E3E1B4004DA3E9 /* Sources */,
				04DC7A2223E3E1B4004DA3E9 /* Frameworks */,
				04DC7A2323E3E1B4004DA3E9 /* Resources */,
				278E9618054F660D70B5B8C0 /* [CP] Embed Pods Frameworks */,
			);
			buildRules = (
			);
			dependencies = (
			);
			name = mechmarket;
			productName = mechmarket;
			productReference = 04DC7A2523E3E1B4004DA3E9 /* mechmarket.app */;
			productType = "com.apple.product-type.application";
		};
/* End PBXNativeTarget section */

/* Begin PBXProject section */
		04DC7A1D23E3E1B4004DA3E9 /* Project object */ = {
			isa = PBXProject;
			attributes = {
				LastSwiftUpdateCheck = 0940;
				LastUpgradeCheck = 0940;
				ORGANIZATIONNAME = serenapascual;
				TargetAttributes = {
					04DC7A2423E3E1B4004DA3E9 = {
						CreatedOnToolsVersion = 9.4;
						ProvisioningStyle = Automatic;
					};
				};
			};
			buildConfigurationList = 04DC7A2023E3E1B4004DA3E9 /* Build configuration list for PBXProject "mechmarket" */;
			compatibilityVersion = "Xcode 8.0";
			developmentRegion = en;
			hasScannedForEncodings = 0;
			knownRegions = (
				en,
				Base,
			);
			mainGroup = 04DC7A1C23E3E1B4004DA3E9;
			productRefGroup = 04DC7A2623E3E1B4004DA3E9 /* Products */;
			projectDirPath = "";
			projectRoot = "";
			targets = (
				04DC7A2423E3E1B4004DA3E9 /* mechmarket */,
			);
		};
/* End PBXProject section */

/* Begin PBXResourcesBuildPhase section */
		04DC7A2323E3E1B4004DA3E9 /* Resources */ = {
			isa = PBXResourcesBuildPhase;
			buildActionMask = 2147483647;
			files = (
				04DC7A3323E3E1B4004DA3E9 /* LaunchScreen.storyboard in Resources */,
				04DC7A3023E3E1B4004DA3E9 /* Assets.xcassets in Resources */,
				04DC7A2E23E3E1B4004DA3E9 /* Main.storyboard in Resources */,
			);
			runOnlyForDeploymentPostprocessing = 0;
		};
/* End PBXResourcesBuildPhase section */

/* Begin PBXShellScriptBuildPhase section */
		278E9618054F660D70B5B8C0 /* [CP] Embed Pods Frameworks */ = {
			isa = PBXShellScriptBuildPhase;
			buildActionMask = 2147483647;
			files = (
			);
			inputPaths = (
				"${PODS_ROOT}/Target Support Files/Pods-mechmarket/Pods-mechmarket-frameworks.sh",
				"${BUILT_PRODUCTS_DIR}/OAuthSwift/OAuthSwift.framework",
			);
			name = "[CP] Embed Pods Frameworks";
			outputPaths = (
				"${TARGET_BUILD_DIR}/${FRAMEWORKS_FOLDER_PATH}/OAuthSwift.framework",
			);
			runOnlyForDeploymentPostprocessing = 0;
			shellPath = /bin/sh;
			shellScript = "\"${PODS_ROOT}/Target Support Files/Pods-mechmarket/Pods-mechmarket-frameworks.sh\"\n";
			showEnvVarsInLog = 0;
		};
		84D323403C94D8679FC06A41 /* [CP] Check Pods Manifest.lock */ = {
			isa = PBXShellScriptBuildPhase;
			buildActionMask = 2147483647;
			files = (
			);
			inputFileListPaths = (
			);
			inputPaths = (
				"${PODS_PODFILE_DIR_PATH}/Podfile.lock",
				"${PODS_ROOT}/Manifest.lock",
			);
			name = "[CP] Check Pods Manifest.lock";
			outputFileListPaths = (
			);
			outputPaths = (
				"$(DERIVED_FILE_DIR)/Pods-mechmarket-checkManifestLockResult.txt",
			);
			runOnlyForDeploymentPostprocessing = 0;
			shellPath = /bin/sh;
			shellScript = "diff \"${PODS_PODFILE_DIR_PATH}/Podfile.lock\" \"${PODS_ROOT}/Manifest.lock\" > /dev/null\nif [ $? != 0 ] ; then\n    # print error to STDERR\n    echo \"error: The sandbox is not in sync with the Podfile.lock. Run 'pod install' or update your CocoaPods installation.\" >&2\n    exit 1\nfi\n# This output is used by Xcode 'outputs' to avoid re-running this script phase.\necho \"SUCCESS\" > \"${SCRIPT_OUTPUT_FILE_0}\"\n";
			showEnvVarsInLog = 0;
		};
/* End PBXShellScriptBuildPhase section */

/* Begin PBXSourcesBuildPhase section */
		04DC7A2123E3E1B4004DA3E9 /* Sources */ = {
			isa = PBXSourcesBuildPhase;
			buildActionMask = 2147483647;
			files = (
				04DC7A2B23E3E1B4004DA3E9 /* ViewController.swift in Sources */,
				04DC7A2923E3E1B4004DA3E9 /* AppDelegate.swift in Sources */,
			);
			runOnlyForDeploymentPostprocessing = 0;
		};
/* End PBXSourcesBuildPhase section */

/* Begin PBXVariantGroup section */
		04DC7A2C23E3E1B4004DA3E9 /* Main.storyboard */ = {
			isa = PBXVariantGroup;
			children = (
				04DC7A2D23E3E1B4004DA3E9 /* Base */,
			);
			name = Main.storyboard;
			sourceTree = "<group>";
		};
		04DC7A3123E3E1B4004DA3E9 /* LaunchScreen.storyboard */ = {
			isa = PBXVariantGroup;
			children = (
				04DC7A3223E3E1B4004DA3E9 /* Base */,
			);
			name = LaunchScreen.storyboard;
			sourceTree = "<group>";
		};
/* End PBXVariantGroup section */

/* Begin XCBuildConfiguration section */
		04DC7A3523E3E1B4004DA3E9 /* Debug */ = {
			isa = XCBuildConfiguration;
			buildSettings = {
				ALWAYS_SEARCH_USER_PATHS = NO;
				CLANG_ANALYZER_NONNULL = YES;
				CLANG_ANALYZER_NUMBER_OBJECT_CONVERSION = YES_AGGRESSIVE;
				CLANG_CXX_LANGUAGE_STANDARD = "gnu++14";
				CLANG_CXX_LIBRARY = "libc++";
				CLANG_ENABLE_MODULES = YES;
				CLANG_ENABLE_OBJC_ARC = YES;
				CLANG_ENABLE_OBJC_WEAK = YES;
				CLANG_WARN_BLOCK_CAPTURE_AUTORELEASING = YES;
				CLANG_WARN_BOOL_CONVERSION = YES;
				CLANG_WARN_COMMA = YES;
				CLANG_WARN_CONSTANT_CONVERSION = YES;
				CLANG_WARN_DEPRECATED_OBJC_IMPLEMENTATIONS = YES;
				CLANG_WARN_DIRECT_OBJC_ISA_USAGE = YES_ERROR;
				CLANG_WARN_DOCUMENTATION_COMMENTS = YES;
				CLANG_WARN_EMPTY_BODY = YES;
				CLANG_WARN_ENUM_CONVERSION = YES;
				CLANG_WARN_INFINITE_RECURSION = YES;
				CLANG_WARN_INT_CONVERSION = YES;
				CLANG_WARN_NON_LITERAL_NULL_CONVERSION = YES;
				CLANG_WARN_OBJC_IMPLICIT_RETAIN_SELF = YES;
				CLANG_WARN_OBJC_LITERAL_CONVERSION = YES;
				CLANG_WARN_OBJC_ROOT_CLASS = YES_ERROR;
				CLANG_WARN_RANGE_LOOP_ANALYSIS = YES;
				CLANG_WARN_STRICT_PROTOTYPES = YES;
				CLANG_WARN_SUSPICIOUS_MOVE = YES;
				CLANG_WARN_UNGUARDED_AVAILABILITY = YES_AGGRESSIVE;
				CLANG_WARN_UNREACHABLE_CODE = YES;
				CLANG_WARN__DUPLICATE_METHOD_MATCH = YES;
				CODE_SIGN_IDENTITY = "iPhone Developer";
				COPY_PHASE_STRIP = NO;
				DEBUG_INFORMATION_FORMAT = dwarf;
				ENABLE_STRICT_OBJC_MSGSEND = YES;
				ENABLE_TESTABILITY = YES;
				GCC_C_LANGUAGE_STANDARD = gnu11;
				GCC_DYNAMIC_NO_PIC = NO;
				GCC_NO_COMMON_BLOCKS = YES;
				GCC_OPTIMIZATION_LEVEL = 0;
				GCC_PREPROCESSOR_DEFINITIONS = (
					"DEBUG=1",
					"$(inherited)",
				);
				GCC_WARN_64_TO_32_BIT_CONVERSION = YES;
				GCC_WARN_ABOUT_RETURN_TYPE = YES_ERROR;
				GCC_WARN_UNDECLARED_SELECTOR = YES;
				GCC_WARN_UNINITIALIZED_AUTOS = YES_AGGRESSIVE;
				GCC_WARN_UNUSED_FUNCTION = YES;
				GCC_WARN_UNUSED_VARIABLE = YES;
				IPHONEOS_DEPLOYMENT_TARGET = 11.4;
				MTL_ENABLE_DEBUG_INFO = YES;
				ONLY_ACTIVE_ARCH = YES;
				SDKROOT = iphoneos;
				SWIFT_ACTIVE_COMPILATION_CONDITIONS = DEBUG;
				SWIFT_OPTIMIZATION_LEVEL = "-Onone";
				SWIFT_VERSION = 3.0;
			};
			name = Debug;
		};
		04DC7A3623E3E1B4004DA3E9 /* Release */ = {
			isa = XCBuildConfiguration;
			buildSettings = {
				ALWAYS_SEARCH_USER_PATHS = NO;
				CLANG_ANALYZER_NONNULL = YES;
				CLANG_ANALYZER_NUMBER_OBJECT_CONVERSION = YES_AGGRESSIVE;
				CLANG_CXX_LANGUAGE_STANDARD = "gnu++14";
				CLANG_CXX_LIBRARY = "libc++";
				CLANG_ENABLE_MODULES = YES;
				CLANG_ENABLE_OBJC_ARC = YES;
				CLANG_ENABLE_OBJC_WEAK = YES;
				CLANG_WARN_BLOCK_CAPTURE_AUTORELEASING = YES;
				CLANG_WARN_BOOL_CONVERSION = YES;
				CLANG_WARN_COMMA = YES;
				CLANG_WARN_CONSTANT_CONVERSION = YES;
				CLANG_WARN_DEPRECATED_OBJC_IMPLEMENTATIONS = YES;
				CLANG_WARN_DIRECT_OBJC_ISA_USAGE = YES_ERROR;
				CLANG_WARN_DOCUMENTATION_COMMENTS = YES;
				CLANG_WARN_EMPTY_BODY = YES;
				CLANG_WARN_ENUM_CONVERSION = YES;
				CLANG_WARN_INFINITE_RECURSION = YES;
				CLANG_WARN_INT_CONVERSION = YES;
				CLANG_WARN_NON_LITERAL_NULL_CONVERSION = YES;
				CLANG_WARN_OBJC_IMPLICIT_RETAIN_SELF = YES;
				CLANG_WARN_OBJC_LITERAL_CONVERSION = YES;
				CLANG_WARN_OBJC_ROOT_CLASS = YES_ERROR;
				CLANG_WARN_RANGE_LOOP_ANALYSIS = YES;
				CLANG_WARN_STRICT_PROTOTYPES = YES;
				CLANG_WARN_SUSPICIOUS_MOVE = YES;
				CLANG_WARN_UNGUARDED_AVAILABILITY = YES_AGGRESSIVE;
				CLANG_WARN_UNREACHABLE_CODE = YES;
				CLANG_WARN__DUPLICATE_METHOD_MATCH = YES;
				CODE_SIGN_IDENTITY = "iPhone Developer";
				COPY_PHASE_STRIP = NO;
				DEBUG_INFORMATION_FORMAT = "dwarf-with-dsym";
				ENABLE_NS_ASSERTIONS = NO;
				ENABLE_STRICT_OBJC_MSGSEND = YES;
				GCC_C_LANGUAGE_STANDARD = gnu11;
				GCC_NO_COMMON_BLOCKS = YES;
				GCC_WARN_64_TO_32_BIT_CONVERSION = YES;
				GCC_WARN_ABOUT_RETURN_TYPE = YES_ERROR;
				GCC_WARN_UNDECLARED_SELECTOR = YES;
				GCC_WARN_UNINITIALIZED_AUTOS = YES_AGGRESSIVE;
				GCC_WARN_UNUSED_FUNCTION = YES;
				GCC_WARN_UNUSED_VARIABLE = YES;
				IPHONEOS_DEPLOYMENT_TARGET = 11.4;
				MTL_ENABLE_DEBUG_INFO = NO;
				SDKROOT = iphoneos;
				SWIFT_OPTIMIZATION_LEVEL = "-Owholemodule";
				SWIFT_VERSION = 3.0;
				VALIDATE_PRODUCT = YES;
			};
			name = Release;
		};
		04DC7A3823E3E1B4004DA3E9 /* Debug */ = {
			isa = XCBuildConfiguration;
			baseConfigurationReference = 2FCEFCE1A7DF6530A365FD70 /* Pods-mechmarket.debug.xcconfig */;
			buildSettings = {
				ASSETCATALOG_COMPILER_APPICON_NAME = AppIcon;
				CODE_SIGN_STYLE = Automatic;
				INFOPLIST_FILE = mechmarket/Info.plist;
				LD_RUNPATH_SEARCH_PATHS = "$(inherited) @executable_path/Frameworks";
				PRODUCT_BUNDLE_IDENTIFIER = com.serenapascual.mechmarket;
				PRODUCT_NAME = "$(TARGET_NAME)";
				SWIFT_VERSION = 3.0;
				TARGETED_DEVICE_FAMILY = "1,2";
			};
			name = Debug;
		};
		04DC7A3923E3E1B4004DA3E9 /* Release */ = {
			isa = XCBuildConfiguration;
			baseConfigurationReference = D0B8133F2C7395C93979108D /* Pods-mechmarket.release.xcconfig */;
			buildSettings = {
				ASSETCATALOG_COMPILER_APPICON_NAME = AppIcon;
				CODE_SIGN_STYLE = Automatic;
				INFOPLIST_FILE = mechmarket/Info.plist;
				LD_RUNPATH_SEARCH_PATHS = "$(inherited) @executable_path/Frameworks";
				PRODUCT_BUNDLE_IDENTIFIER = com.serenapascual.mechmarket;
				PRODUCT_NAME = "$(TARGET_NAME)";
				SWIFT_VERSION = 3.0;
				TARGETED_DEVICE_FAMILY = "1,2";
			};
			name = Release;
		};
/* End XCBuildConfiguration section */

/* Begin XCConfigurationList section */
		04DC7A2023E3E1B4004DA3E9 /* Build configuration list for PBXProject "mechmarket" */ = {
			isa = XCConfigurationList;
			buildConfigurations = (
				04DC7A3523E3E1B4004DA3E9 /* Debug */,
				04DC7A3623E3E1B4004DA3E9 /* Release */,
			);
			defaultConfigurationIsVisible = 0;
			defaultConfigurationName = Release;
		};
		04DC7A3723E3E1B4004DA3E9 /* Build configuration list for PBXNativeTarget "mechmarket" */ = {
			isa = XCConfigurationList;
			buildConfigurations = (
				04DC7A3823E3E1B4004DA3E9 /* Debug */,
				04DC7A3923E3E1B4004DA3E9 /* Release */,
			);
			defaultConfigurationIsVisible = 0;
			defaultConfigurationName = Release;
		};
/* End XCConfigurationList section */
	};
	rootObject = 04DC7A1D23E3E1B4004DA3E9 /* Project object */;
}
